// !$*UTF8*$!
{
	archiveVersion = 1;
	classes = {
	};
	objectVersion = 51;
	objects = {

/* Begin PBXBuildFile section */
		08711C04269101F4009890E1 /* pointApp.swift in Sources */ = {isa = PBXBuildFile; fileRef = 08711C03269101F4009890E1 /* pointApp.swift */; };
		08711C06269101F4009890E1 /* ContentView.swift in Sources */ = {isa = PBXBuildFile; fileRef = 08711C05269101F4009890E1 /* ContentView.swift */; };
		08711C08269101F5009890E1 /* Assets.xcassets in Resources */ = {isa = PBXBuildFile; fileRef = 08711C07269101F5009890E1 /* Assets.xcassets */; };
		08711C0B269101F5009890E1 /* Preview Assets.xcassets in Resources */ = {isa = PBXBuildFile; fileRef = 08711C0A269101F5009890E1 /* Preview Assets.xcassets */; };
		08711C152691049A009890E1 /* GoogleService-Info.plist in Resources */ = {isa = PBXBuildFile; fileRef = 08711C142691049A009890E1 /* GoogleService-Info.plist */; };
		08711C2B26913315009890E1 /* Send.swift in Sources */ = {isa = PBXBuildFile; fileRef = 08711C2A26913315009890E1 /* Send.swift */; };
		0871A68A2697A304005E3594 /* Photo.swift in Sources */ = {isa = PBXBuildFile; fileRef = 0871A6892697A304005E3594 /* Photo.swift */; };
		0871A691269925F1005E3594 /* PostView.swift in Sources */ = {isa = PBXBuildFile; fileRef = 0871A690269925F1005E3594 /* PostView.swift */; };
		0871A69526996308005E3594 /* PostSubView.swift in Sources */ = {isa = PBXBuildFile; fileRef = 0871A69426996308005E3594 /* PostSubView.swift */; };
		0871A697269D89B0005E3594 /* ExploreView.swift in Sources */ = {isa = PBXBuildFile; fileRef = 0871A696269D89B0005E3594 /* ExploreView.swift */; };
		0871A699269D9F0F005E3594 /* imagePicker.swift in Sources */ = {isa = PBXBuildFile; fileRef = 0871A698269D9F0F005E3594 /* imagePicker.swift */; };
		0871A69B26A0F5F2005E3594 /* Neumorphic.swift in Sources */ = {isa = PBXBuildFile; fileRef = 0871A69A26A0F5F2005E3594 /* Neumorphic.swift */; };
		0871A69D26A1369B005E3594 /* SingleImagePicker.swift in Sources */ = {isa = PBXBuildFile; fileRef = 0871A69C26A1369B005E3594 /* SingleImagePicker.swift */; };
		08F98583269407E600E767F2 /* loginView.swift in Sources */ = {isa = PBXBuildFile; fileRef = 08F98582269407E600E767F2 /* loginView.swift */; };
		08F985852694082E00E767F2 /* signupView.swift in Sources */ = {isa = PBXBuildFile; fileRef = 08F985842694082E00E767F2 /* signupView.swift */; };
		08F9858726940ACF00E767F2 /* accountView.swift in Sources */ = {isa = PBXBuildFile; fileRef = 08F9858626940ACF00E767F2 /* accountView.swift */; };
		995CA9E5B1A90FC16BD4B9C5 /* Pods_point.framework in Frameworks */ = {isa = PBXBuildFile; fileRef = 4EDA5F57B22450F9DA4FC953 /* Pods_point.framework */; };
/* End PBXBuildFile section */

/* Begin PBXFileReference section */
		08711C00269101F4009890E1 /* point.app */ = {isa = PBXFileReference; explicitFileType = wrapper.application; includeInIndex = 0; path = point.app; sourceTree = BUILT_PRODUCTS_DIR; };
		08711C03269101F4009890E1 /* pointApp.swift */ = {isa = PBXFileReference; lastKnownFileType = sourcecode.swift; path = pointApp.swift; sourceTree = "<group>"; };
		08711C05269101F4009890E1 /* ContentView.swift */ = {isa = PBXFileReference; lastKnownFileType = sourcecode.swift; path = ContentView.swift; sourceTree = "<group>"; };
		08711C07269101F5009890E1 /* Assets.xcassets */ = {isa = PBXFileReference; lastKnownFileType = folder.assetcatalog; path = Assets.xcassets; sourceTree = "<group>"; };
		08711C0A269101F5009890E1 /* Preview Assets.xcassets */ = {isa = PBXFileReference; lastKnownFileType = folder.assetcatalog; path = "Preview Assets.xcassets"; sourceTree = "<group>"; };
		08711C0C269101F5009890E1 /* Info.plist */ = {isa = PBXFileReference; lastKnownFileType = text.plist.xml; path = Info.plist; sourceTree = "<group>"; };
		08711C142691049A009890E1 /* GoogleService-Info.plist */ = {isa = PBXFileReference; fileEncoding = 4; lastKnownFileType = text.plist.xml; path = "GoogleService-Info.plist"; sourceTree = "<group>"; };
		08711C2A26913315009890E1 /* Send.swift */ = {isa = PBXFileReference; lastKnownFileType = sourcecode.swift; path = Send.swift; sourceTree = "<group>"; };
		0871A6892697A304005E3594 /* Photo.swift */ = {isa = PBXFileReference; lastKnownFileType = sourcecode.swift; path = Photo.swift; sourceTree = "<group>"; };
		0871A690269925F1005E3594 /* PostView.swift */ = {isa = PBXFileReference; lastKnownFileType = sourcecode.swift; path = PostView.swift; sourceTree = "<group>"; };
		0871A69426996308005E3594 /* PostSubView.swift */ = {isa = PBXFileReference; lastKnownFileType = sourcecode.swift; path = PostSubView.swift; sourceTree = "<group>"; };
		0871A696269D89B0005E3594 /* ExploreView.swift */ = {isa = PBXFileReference; lastKnownFileType = sourcecode.swift; path = ExploreView.swift; sourceTree = "<group>"; };
		0871A698269D9F0F005E3594 /* imagePicker.swift */ = {isa = PBXFileReference; lastKnownFileType = sourcecode.swift; path = imagePicker.swift; sourceTree = "<group>"; };
		0871A69A26A0F5F2005E3594 /* Neumorphic.swift */ = {isa = PBXFileReference; lastKnownFileType = sourcecode.swift; path = Neumorphic.swift; sourceTree = "<group>"; };
		0871A69C26A1369B005E3594 /* SingleImagePicker.swift */ = {isa = PBXFileReference; lastKnownFileType = sourcecode.swift; path = SingleImagePicker.swift; sourceTree = "<group>"; };
		08F98582269407E600E767F2 /* loginView.swift */ = {isa = PBXFileReference; lastKnownFileType = sourcecode.swift; path = loginView.swift; sourceTree = "<group>"; };
		08F985842694082E00E767F2 /* signupView.swift */ = {isa = PBXFileReference; lastKnownFileType = sourcecode.swift; path = signupView.swift; sourceTree = "<group>"; };
		08F9858626940ACF00E767F2 /* accountView.swift */ = {isa = PBXFileReference; lastKnownFileType = sourcecode.swift; path = accountView.swift; sourceTree = "<group>"; };
		465CF9D065DD32E0E56A4A80 /* Pods-point.release.xcconfig */ = {isa = PBXFileReference; includeInIndex = 1; lastKnownFileType = text.xcconfig; name = "Pods-point.release.xcconfig"; path = "Target Support Files/Pods-point/Pods-point.release.xcconfig"; sourceTree = "<group>"; };
		4EDA5F57B22450F9DA4FC953 /* Pods_point.framework */ = {isa = PBXFileReference; explicitFileType = wrapper.framework; includeInIndex = 0; path = Pods_point.framework; sourceTree = BUILT_PRODUCTS_DIR; };
		E5491FA1AF4633A1972B57F0 /* Pods-point.debug.xcconfig */ = {isa = PBXFileReference; includeInIndex = 1; lastKnownFileType = text.xcconfig; name = "Pods-point.debug.xcconfig"; path = "Target Support Files/Pods-point/Pods-point.debug.xcconfig"; sourceTree = "<group>"; };
/* End PBXFileReference section */

/* Begin PBXFrameworksBuildPhase section */
		08711BFD269101F4009890E1 /* Frameworks */ = {
			isa = PBXFrameworksBuildPhase;
			buildActionMask = 2147483647;
			files = (
				995CA9E5B1A90FC16BD4B9C5 /* Pods_point.framework in Frameworks */,
			);
			runOnlyForDeploymentPostprocessing = 0;
		};
/* End PBXFrameworksBuildPhase section */

/* Begin PBXGroup section */
		08711BF7269101F4009890E1 = {
			isa = PBXGroup;
			children = (
				08711C02269101F4009890E1 /* point */,
				08711C01269101F4009890E1 /* Products */,
				B27A9A2582FCA4EA1960CF50 /* Pods */,
				D788603FE25AADC078CB0EC9 /* Frameworks */,
			);
			sourceTree = "<group>";
		};
		08711C01269101F4009890E1 /* Products */ = {
			isa = PBXGroup;
			children = (
				08711C00269101F4009890E1 /* point.app */,
			);
			name = Products;
			sourceTree = "<group>";
		};
		08711C02269101F4009890E1 /* point */ = {
			isa = PBXGroup;
			children = (
				08711C03269101F4009890E1 /* pointApp.swift */,
				08711C05269101F4009890E1 /* ContentView.swift */,
				0871A696269D89B0005E3594 /* ExploreView.swift */,
				0871A690269925F1005E3594 /* PostView.swift */,
				0871A69426996308005E3594 /* PostSubView.swift */,
				0871A6892697A304005E3594 /* Photo.swift */,
				08711C2A26913315009890E1 /* Send.swift */,
				08F9858626940ACF00E767F2 /* accountView.swift */,
				08F98582269407E600E767F2 /* loginView.swift */,
				08F985842694082E00E767F2 /* signupView.swift */,
				0871A69A26A0F5F2005E3594 /* Neumorphic.swift */,
				0871A698269D9F0F005E3594 /* imagePicker.swift */,
				0871A69C26A1369B005E3594 /* SingleImagePicker.swift */,
				08711C07269101F5009890E1 /* Assets.xcassets */,
				08711C0C269101F5009890E1 /* Info.plist */,
				08711C142691049A009890E1 /* GoogleService-Info.plist */,
				08711C09269101F5009890E1 /* Preview Content */,
			);
			path = point;
			sourceTree = "<group>";
		};
		08711C09269101F5009890E1 /* Preview Content */ = {
			isa = PBXGroup;
			children = (
				08711C0A269101F5009890E1 /* Preview Assets.xcassets */,
			);
			path = "Preview Content";
			sourceTree = "<group>";
		};
		B27A9A2582FCA4EA1960CF50 /* Pods */ = {
			isa = PBXGroup;
			children = (
				E5491FA1AF4633A1972B57F0 /* Pods-point.debug.xcconfig */,
				465CF9D065DD32E0E56A4A80 /* Pods-point.release.xcconfig */,
			);
			path = Pods;
			sourceTree = "<group>";
		};
		D788603FE25AADC078CB0EC9 /* Frameworks */ = {
			isa = PBXGroup;
			children = (
				4EDA5F57B22450F9DA4FC953 /* Pods_point.framework */,
			);
			name = Frameworks;
			sourceTree = "<group>";
		};
/* End PBXGroup section */

/* Begin PBXNativeTarget section */
		08711BFF269101F4009890E1 /* point */ = {
			isa = PBXNativeTarget;
			buildConfigurationList = 08711C0F269101F5009890E1 /* Build configuration list for PBXNativeTarget "point" */;
			buildPhases = (
				B77B0B9486848CDAB8842E8E /* [CP] Check Pods Manifest.lock */,
				08711BFC269101F4009890E1 /* Sources */,
				08711BFD269101F4009890E1 /* Frameworks */,
				08711BFE269101F4009890E1 /* Resources */,
				454844AF711649AA92E59520 /* [CP] Embed Pods Frameworks */,
			);
			buildRules = (
			);
			dependencies = (
			);
			name = point;
			productName = point;
			productReference = 08711C00269101F4009890E1 /* point.app */;
			productType = "com.apple.product-type.application";
		};
/* End PBXNativeTarget section */

/* Begin PBXProject section */
		08711BF8269101F4009890E1 /* Project object */ = {
			isa = PBXProject;
			attributes = {
				LastSwiftUpdateCheck = 1240;
				LastUpgradeCheck = 1240;
				TargetAttributes = {
					08711BFF269101F4009890E1 = {
						CreatedOnToolsVersion = 12.4;
					};
				};
			};
			buildConfigurationList = 08711BFB269101F4009890E1 /* Build configuration list for PBXProject "point" */;
			compatibilityVersion = "Xcode 9.3";
			developmentRegion = en;
			hasScannedForEncodings = 0;
			knownRegions = (
				en,
				Base,
			);
			mainGroup = 08711BF7269101F4009890E1;
			productRefGroup = 08711C01269101F4009890E1 /* Products */;
			projectDirPath = "";
			projectRoot = "";
			targets = (
				08711BFF269101F4009890E1 /* point */,
			);
		};
/* End PBXProject section */

/* Begin PBXResourcesBuildPhase section */
		08711BFE269101F4009890E1 /* Resources */ = {
			isa = PBXResourcesBuildPhase;
			buildActionMask = 2147483647;
			files = (
				08711C152691049A009890E1 /* GoogleService-Info.plist in Resources */,
				08711C0B269101F5009890E1 /* Preview Assets.xcassets in Resources */,
				08711C08269101F5009890E1 /* Assets.xcassets in Resources */,
			);
			runOnlyForDeploymentPostprocessing = 0;
		};
/* End PBXResourcesBuildPhase section */

/* Begin PBXShellScriptBuildPhase section */
		454844AF711649AA92E59520 /* [CP] Embed Pods Frameworks */ = {
			isa = PBXShellScriptBuildPhase;
			buildActionMask = 2147483647;
			files = (
			);
			inputFileListPaths = (
				"${PODS_ROOT}/Target Support Files/Pods-point/Pods-point-frameworks-${CONFIGURATION}-input-files.xcfilelist",
			);
			name = "[CP] Embed Pods Frameworks";
			outputFileListPaths = (
				"${PODS_ROOT}/Target Support Files/Pods-point/Pods-point-frameworks-${CONFIGURATION}-output-files.xcfilelist",
			);
			runOnlyForDeploymentPostprocessing = 0;
			shellPath = /bin/sh;
			shellScript = "\"${PODS_ROOT}/Target Support Files/Pods-point/Pods-point-frameworks.sh\"\n";
			showEnvVarsInLog = 0;
		};
		B77B0B9486848CDAB8842E8E /* [CP] Check Pods Manifest.lock */ = {
			isa = PBXShellScriptBuildPhase;
			buildActionMask = 2147483647;
			files = (
			);
			inputFileListPaths = (
			);
			inputPaths = (
				"${PODS_PODFILE_DIR_PATH}/Podfile.lock",
				"${PODS_ROOT}/Manifest.lock",
			);
			name = "[CP] Check Pods Manifest.lock";
			outputFileListPaths = (
			);
			outputPaths = (
				"$(DERIVED_FILE_DIR)/Pods-point-checkManifestLockResult.txt",
			);
			runOnlyForDeploymentPostprocessing = 0;
			shellPath = /bin/sh;
			shellScript = "diff \"${PODS_PODFILE_DIR_PATH}/Podfile.lock\" \"${PODS_ROOT}/Manifest.lock\" > /dev/null\nif [ $? != 0 ] ; then\n    # print error to STDERR\n    echo \"error: The sandbox is not in sync with the Podfile.lock. Run 'pod install' or update your CocoaPods installation.\" >&2\n    exit 1\nfi\n# This output is used by Xcode 'outputs' to avoid re-running this script phase.\necho \"SUCCESS\" > \"${SCRIPT_OUTPUT_FILE_0}\"\n";
			showEnvVarsInLog = 0;
		};
/* End PBXShellScriptBuildPhase section */

/* Begin PBXSourcesBuildPhase section */
		08711BFC269101F4009890E1 /* Sources */ = {
			isa = PBXSourcesBuildPhase;
			buildActionMask = 2147483647;
			files = (
				0871A697269D89B0005E3594 /* ExploreView.swift in Sources */,
				08711C06269101F4009890E1 /* ContentView.swift in Sources */,
				08F985852694082E00E767F2 /* signupView.swift in Sources */,
				08711C2B26913315009890E1 /* Send.swift in Sources */,
				08711C04269101F4009890E1 /* pointApp.swift in Sources */,
				0871A69526996308005E3594 /* PostSubView.swift in Sources */,
				0871A699269D9F0F005E3594 /* imagePicker.swift in Sources */,
				0871A68A2697A304005E3594 /* Photo.swift in Sources */,
				08F9858726940ACF00E767F2 /* accountView.swift in Sources */,
				0871A69D26A1369B005E3594 /* SingleImagePicker.swift in Sources */,
				0871A69B26A0F5F2005E3594 /* Neumorphic.swift in Sources */,
				0871A691269925F1005E3594 /* PostView.swift in Sources */,
				08F98583269407E600E767F2 /* loginView.swift in Sources */,
			);
			runOnlyForDeploymentPostprocessing = 0;
		};
/* End PBXSourcesBuildPhase section */

/* Begin XCBuildConfiguration section */
		08711C0D269101F5009890E1 /* Debug */ = {
			isa = XCBuildConfiguration;
			buildSettings = {
				ALWAYS_SEARCH_USER_PATHS = NO;
				CLANG_ANALYZER_NONNULL = YES;
				CLANG_ANALYZER_NUMBER_OBJECT_CONVERSION = YES_AGGRESSIVE;
				CLANG_CXX_LANGUAGE_STANDARD = "gnu++14";
				CLANG_CXX_LIBRARY = "libc++";
				CLANG_ENABLE_MODULES = YES;
				CLANG_ENABLE_OBJC_ARC = YES;
				CLANG_ENABLE_OBJC_WEAK = YES;
				CLANG_WARN_BLOCK_CAPTURE_AUTORELEASING = YES;
				CLANG_WARN_BOOL_CONVERSION = YES;
				CLANG_WARN_COMMA = YES;
				CLANG_WARN_CONSTANT_CONVERSION = YES;
				CLANG_WARN_DEPRECATED_OBJC_IMPLEMENTATIONS = YES;
				CLANG_WARN_DIRECT_OBJC_ISA_USAGE = YES_ERROR;
				CLANG_WARN_DOCUMENTATION_COMMENTS = YES;
				CLANG_WARN_EMPTY_BODY = YES;
				CLANG_WARN_ENUM_CONVERSION = YES;
				CLANG_WARN_INFINITE_RECURSION = YES;
				CLANG_WARN_INT_CONVERSION = YES;
				CLANG_WARN_NON_LITERAL_NULL_CONVERSION = YES;
				CLANG_WARN_OBJC_IMPLICIT_RETAIN_SELF = YES;
				CLANG_WARN_OBJC_LITERAL_CONVERSION = YES;
				CLANG_WARN_OBJC_ROOT_CLASS = YES_ERROR;
				CLANG_WARN_QUOTED_INCLUDE_IN_FRAMEWORK_HEADER = YES;
				CLANG_WARN_RANGE_LOOP_ANALYSIS = YES;
				CLANG_WARN_STRICT_PROTOTYPES = YES;
				CLANG_WARN_SUSPICIOUS_MOVE = YES;
				CLANG_WARN_UNGUARDED_AVAILABILITY = YES_AGGRESSIVE;
				CLANG_WARN_UNREACHABLE_CODE = YES;
				CLANG_WARN__DUPLICATE_METHOD_MATCH = YES;
				COPY_PHASE_STRIP = NO;
				DEBUG_INFORMATION_FORMAT = dwarf;
				ENABLE_STRICT_OBJC_MSGSEND = YES;
				ENABLE_TESTABILITY = YES;
				GCC_C_LANGUAGE_STANDARD = gnu11;
				GCC_DYNAMIC_NO_PIC = NO;
				GCC_NO_COMMON_BLOCKS = YES;
				GCC_OPTIMIZATION_LEVEL = 0;
				GCC_PREPROCESSOR_DEFINITIONS = (
					"DEBUG=1",
					"$(inherited)",
				);
				GCC_WARN_64_TO_32_BIT_CONVERSION = YES;
				GCC_WARN_ABOUT_RETURN_TYPE = YES_ERROR;
				GCC_WARN_UNDECLARED_SELECTOR = YES;
				GCC_WARN_UNINITIALIZED_AUTOS = YES_AGGRESSIVE;
				GCC_WARN_UNUSED_FUNCTION = YES;
				GCC_WARN_UNUSED_VARIABLE = YES;
				IPHONEOS_DEPLOYMENT_TARGET = 14.4;
				MTL_ENABLE_DEBUG_INFO = INCLUDE_SOURCE;
				MTL_FAST_MATH = YES;
				ONLY_ACTIVE_ARCH = YES;
				SDKROOT = iphoneos;
				SWIFT_ACTIVE_COMPILATION_CONDITIONS = DEBUG;
				SWIFT_OPTIMIZATION_LEVEL = "-Onone";
			};
			name = Debug;
		};
		08711C0E269101F5009890E1 /* Release */ = {
			isa = XCBuildConfiguration;
			buildSettings = {
				ALWAYS_SEARCH_USER_PATHS = NO;
				CLANG_ANALYZER_NONNULL = YES;
				CLANG_ANALYZER_NUMBER_OBJECT_CONVERSION = YES_AGGRESSIVE;
				CLANG_CXX_LANGUAGE_STANDARD = "gnu++14";
				CLANG_CXX_LIBRARY = "libc++";
				CLANG_ENABLE_MODULES = YES;
				CLANG_ENABLE_OBJC_ARC = YES;
				CLANG_ENABLE_OBJC_WEAK = YES;
				CLANG_WARN_BLOCK_CAPTURE_AUTORELEASING = YES;
				CLANG_WARN_BOOL_CONVERSION = YES;
				CLANG_WARN_COMMA = YES;
				CLANG_WARN_CONSTANT_CONVERSION = YES;
				CLANG_WARN_DEPRECATED_OBJC_IMPLEMENTATIONS = YES;
				CLANG_WARN_DIRECT_OBJC_ISA_USAGE = YES_ERROR;
				CLANG_WARN_DOCUMENTATION_COMMENTS = YES;
				CLANG_WARN_EMPTY_BODY = YES;
				CLANG_WARN_ENUM_CONVERSION = YES;
				CLANG_WARN_INFINITE_RECURSION = YES;
				CLANG_WARN_INT_CONVERSION = YES;
				CLANG_WARN_NON_LITERAL_NULL_CONVERSION = YES;
				CLANG_WARN_OBJC_IMPLICIT_RETAIN_SELF = YES;
				CLANG_WARN_OBJC_LITERAL_CONVERSION = YES;
				CLANG_WARN_OBJC_ROOT_CLASS = YES_ERROR;
				CLANG_WARN_QUOTED_INCLUDE_IN_FRAMEWORK_HEADER = YES;
				CLANG_WARN_RANGE_LOOP_ANALYSIS = YES;
				CLANG_WARN_STRICT_PROTOTYPES = YES;
				CLANG_WARN_SUSPICIOUS_MOVE = YES;
				CLANG_WARN_UNGUARDED_AVAILABILITY = YES_AGGRESSIVE;
				CLANG_WARN_UNREACHABLE_CODE = YES;
				CLANG_WARN__DUPLICATE_METHOD_MATCH = YES;
				COPY_PHASE_STRIP = NO;
				DEBUG_INFORMATION_FORMAT = "dwarf-with-dsym";
				ENABLE_NS_ASSERTIONS = NO;
				ENABLE_STRICT_OBJC_MSGSEND = YES;
				GCC_C_LANGUAGE_STANDARD = gnu11;
				GCC_NO_COMMON_BLOCKS = YES;
				GCC_WARN_64_TO_32_BIT_CONVERSION = YES;
				GCC_WARN_ABOUT_RETURN_TYPE = YES_ERROR;
				GCC_WARN_UNDECLARED_SELECTOR = YES;
				GCC_WARN_UNINITIALIZED_AUTOS = YES_AGGRESSIVE;
				GCC_WARN_UNUSED_FUNCTION = YES;
				GCC_WARN_UNUSED_VARIABLE = YES;
				IPHONEOS_DEPLOYMENT_TARGET = 14.4;
				MTL_ENABLE_DEBUG_INFO = NO;
				MTL_FAST_MATH = YES;
				SDKROOT = iphoneos;
				SWIFT_COMPILATION_MODE = wholemodule;
				SWIFT_OPTIMIZATION_LEVEL = "-O";
				VALIDATE_PRODUCT = YES;
			};
			name = Release;
		};
		08711C10269101F5009890E1 /* Debug */ = {
			isa = XCBuildConfiguration;
			baseConfigurationReference = E5491FA1AF4633A1972B57F0 /* Pods-point.debug.xcconfig */;
			buildSettings = {
				ASSETCATALOG_COMPILER_APPICON_NAME = AppIcon;
				ASSETCATALOG_COMPILER_GLOBAL_ACCENT_COLOR_NAME = AccentColor;
				CODE_SIGN_STYLE = Automatic;
				DEVELOPMENT_ASSET_PATHS = "\"point/Preview Content\"";
				DEVELOPMENT_TEAM = TSDL82JB6A;
				ENABLE_PREVIEWS = YES;
				INFOPLIST_FILE = point/Info.plist;
				IPHONEOS_DEPLOYMENT_TARGET = 14.5;
				LD_RUNPATH_SEARCH_PATHS = (
					"$(inherited)",
					"@executable_path/Frameworks",
				);
				PRODUCT_BUNDLE_IDENTIFIER = com.edgmems.point;
				PRODUCT_NAME = "$(TARGET_NAME)";
				SWIFT_VERSION = 5.0;
				TARGETED_DEVICE_FAMILY = "1,2";
			};
			name = Debug;
		};
		08711C11269101F5009890E1 /* Release */ = {
			isa = XCBuildConfiguration;
			baseConfigurationReference = 465CF9D065DD32E0E56A4A80 /* Pods-point.release.xcconfig */;
			buildSettings = {
				ASSETCATALOG_COMPILER_APPICON_NAME = AppIcon;
				ASSETCATALOG_COMPILER_GLOBAL_ACCENT_COLOR_NAME = AccentColor;
				CODE_SIGN_STYLE = Automatic;
				DEVELOPMENT_ASSET_PATHS = "\"point/Preview Content\"";
				DEVELOPMENT_TEAM = TSDL82JB6A;
				ENABLE_PREVIEWS = YES;
				INFOPLIST_FILE = point/Info.plist;
				IPHONEOS_DEPLOYMENT_TARGET = 14.5;
				LD_RUNPATH_SEARCH_PATHS = (
					"$(inherited)",
					"@executable_path/Frameworks",
				);
				PRODUCT_BUNDLE_IDENTIFIER = com.edgmems.point;
				PRODUCT_NAME = "$(TARGET_NAME)";
				SWIFT_VERSION = 5.0;
				TARGETED_DEVICE_FAMILY = "1,2";
			};
			name = Release;
		};
/* End XCBuildConfiguration section */

/* Begin XCConfigurationList section */
		08711BFB269101F4009890E1 /* Build configuration list for PBXProject "point" */ = {
			isa = XCConfigurationList;
			buildConfigurations = (
				08711C0D269101F5009890E1 /* Debug */,
				08711C0E269101F5009890E1 /* Release */,
			);
			defaultConfigurationIsVisible = 0;
			defaultConfigurationName = Release;
		};
		08711C0F269101F5009890E1 /* Build configuration list for PBXNativeTarget "point" */ = {
			isa = XCConfigurationList;
			buildConfigurations = (
				08711C10269101F5009890E1 /* Debug */,
				08711C11269101F5009890E1 /* Release */,
			);
			defaultConfigurationIsVisible = 0;
			defaultConfigurationName = Release;
		};
/* End XCConfigurationList section */
	};
	rootObject = 08711BF8269101F4009890E1 /* Project object */;
}
